
Microsoft Visual Studio Solution File, Format Version 12.00
# Visual Studio Version 17
VisualStudioVersion = 17.3.32929.385
MinimumVisualStudioVersion = 10.0.40219.1
Project("{FAE04EC0-301F-11D3-BF4B-00C04F79EFBC}") = "PracticalDelegates", "PracticalDelegates.csproj", "{D2ABEDFA-C6AE-44A8-9034-C909C70AFC53}"
EndProject
Global
	GlobalSection(SolutionConfigurationPlatforms) = preSolution
		Debug|Any CPU = Debug|Any CPU
		Release|Any CPU = Release|Any CPU
	EndGlobalSection
	GlobalSection(ProjectConfigurationPlatforms) = postSolution
		{D2ABEDFA-C6AE-44A8-9034-C909C70AFC53}.Debug|Any CPU.ActiveCfg = Debug|Any CPU
		{D2ABEDFA-C6AE-44A8-9034-C909C70AFC53}.Debug|Any CPU.Build.0 = Debug|Any CPU
		{D2ABEDFA-C6AE-44A8-9034-C909C70AFC53}.Release|Any CPU.ActiveCfg = Release|Any CPU
		{D2ABEDFA-C6AE-44A8-9034-C909C70AFC53}.Release|Any CPU.Build.0 = Release|Any CPU
	EndGlobalSection
	GlobalSection(SolutionProperties) = preSolution
		HideSolutionNode = FALSE
	EndGlobalSection
	GlobalSection(ExtensibilityGlobals) = postSolution
		SolutionGuid = {73C6D0F3-3D8A-4CD9-9E15-4FA277F9E5E4}
	EndGlobalSection
EndGlobal
