
Microsoft Visual Studio Solution File, Format Version 12.00
# Visual Studio Version 17
VisualStudioVersion = 17.3.32929.385
MinimumVisualStudioVersion = 10.0.40219.1
Project("{FAE04EC0-301F-11D3-BF4B-00C04F79EFBC}") = "PracticalWork_4", "PracticalWork_4.csproj", "{9C84C0E0-D046-4779-A7A4-C3EADBCD5904}"
EndProject
Global
	GlobalSection(SolutionConfigurationPlatforms) = preSolution
		Debug|Any CPU = Debug|Any CPU
		Release|Any CPU = Release|Any CPU
	EndGlobalSection
	GlobalSection(ProjectConfigurationPlatforms) = postSolution
		{9C84C0E0-D046-4779-A7A4-C3EADBCD5904}.Debug|Any CPU.ActiveCfg = Debug|Any CPU
		{9C84C0E0-D046-4779-A7A4-C3EADBCD5904}.Debug|Any CPU.Build.0 = Debug|Any CPU
		{9C84C0E0-D046-4779-A7A4-C3EADBCD5904}.Release|Any CPU.ActiveCfg = Release|Any CPU
		{9C84C0E0-D046-4779-A7A4-C3EADBCD5904}.Release|Any CPU.Build.0 = Release|Any CPU
	EndGlobalSection
	GlobalSection(SolutionProperties) = preSolution
		HideSolutionNode = FALSE
	EndGlobalSection
	GlobalSection(ExtensibilityGlobals) = postSolution
		SolutionGuid = {83E8D6E6-562D-4163-8EAE-25E6B2CD4D5E}
	EndGlobalSection
EndGlobal
